// !$*UTF8*$!
{
	archiveVersion = 1;
	classes = {
	};
	objectVersion = 46;
	objects = {

/* Begin PBXBuildFile section */
		6027A2F51E0BAA2200B2F7C3 /* TableController.swift in Sources */ = {isa = PBXBuildFile; fileRef = 6027A2F41E0BAA2200B2F7C3 /* TableController.swift */; };
		60B120451E062ECB00A89165 /* AppDelegate.swift in Sources */ = {isa = PBXBuildFile; fileRef = 60B120441E062ECB00A89165 /* AppDelegate.swift */; };
		60B120471E062ECB00A89165 /* ViewController.swift in Sources */ = {isa = PBXBuildFile; fileRef = 60B120461E062ECB00A89165 /* ViewController.swift */; };
		60B1204A1E062ECB00A89165 /* Main.storyboard in Resources */ = {isa = PBXBuildFile; fileRef = 60B120481E062ECB00A89165 /* Main.storyboard */; };
		60B1204C1E062ECB00A89165 /* Assets.xcassets in Resources */ = {isa = PBXBuildFile; fileRef = 60B1204B1E062ECB00A89165 /* Assets.xcassets */; };
		60B1204F1E062ECB00A89165 /* LaunchScreen.storyboard in Resources */ = {isa = PBXBuildFile; fileRef = 60B1204D1E062ECB00A89165 /* LaunchScreen.storyboard */; };
		60B1205A1E062ECB00A89165 /* YHPageViewTests.swift in Sources */ = {isa = PBXBuildFile; fileRef = 60B120591E062ECB00A89165 /* YHPageViewTests.swift */; };
		60B120651E062ECB00A89165 /* YHPageViewUITests.swift in Sources */ = {isa = PBXBuildFile; fileRef = 60B120641E062ECB00A89165 /* YHPageViewUITests.swift */; };
		60B120731E067D1F00A89165 /* YHPageViewController.swift in Sources */ = {isa = PBXBuildFile; fileRef = 60B120721E067D1F00A89165 /* YHPageViewController.swift */; };
		60B120771E069C5500A89165 /* YHPageViewDelegate.swift in Sources */ = {isa = PBXBuildFile; fileRef = 60B120761E069C5500A89165 /* YHPageViewDelegate.swift */; };
		60B120791E069C9E00A89165 /* YHPageViewDataSource.swift in Sources */ = {isa = PBXBuildFile; fileRef = 60B120781E069C9E00A89165 /* YHPageViewDataSource.swift */; };
		60B1207D1E06D6FE00A89165 /* CustomViewController.swift in Sources */ = {isa = PBXBuildFile; fileRef = 60B1207C1E06D6FE00A89165 /* CustomViewController.swift */; };
		60B1207F1E078DEB00A89165 /* YHPageViewControllerExtension.swift in Sources */ = {isa = PBXBuildFile; fileRef = 60B1207E1E078DEB00A89165 /* YHPageViewControllerExtension.swift */; };
		60C264B31E0BB268006A3413 /* YHPageViewController+Director.swift in Sources */ = {isa = PBXBuildFile; fileRef = 60C264B21E0BB268006A3413 /* YHPageViewController+Director.swift */; };
		60C264B51E0BB2A8006A3413 /* YHPageViewController+Delegate.swift in Sources */ = {isa = PBXBuildFile; fileRef = 60C264B41E0BB2A8006A3413 /* YHPageViewController+Delegate.swift */; };
		60C264B71E0BB2BD006A3413 /* YHPageViewController+DataSource.swift in Sources */ = {isa = PBXBuildFile; fileRef = 60C264B61E0BB2BD006A3413 /* YHPageViewController+DataSource.swift */; };
/* End PBXBuildFile section */

/* Begin PBXContainerItemProxy section */
		60B120561E062ECB00A89165 /* PBXContainerItemProxy */ = {
			isa = PBXContainerItemProxy;
			containerPortal = 60B120391E062ECB00A89165 /* Project object */;
			proxyType = 1;
			remoteGlobalIDString = 60B120401E062ECB00A89165;
			remoteInfo = YHPageView;
		};
		60B120611E062ECB00A89165 /* PBXContainerItemProxy */ = {
			isa = PBXContainerItemProxy;
			containerPortal = 60B120391E062ECB00A89165 /* Project object */;
			proxyType = 1;
			remoteGlobalIDString = 60B120401E062ECB00A89165;
			remoteInfo = YHPageView;
		};
/* End PBXContainerItemProxy section */

/* Begin PBXFileReference section */
		6027A2F41E0BAA2200B2F7C3 /* TableController.swift */ = {isa = PBXFileReference; fileEncoding = 4; lastKnownFileType = sourcecode.swift; path = TableController.swift; sourceTree = "<group>"; };
		60B120411E062ECB00A89165 /* YHPageView.app */ = {isa = PBXFileReference; explicitFileType = wrapper.application; includeInIndex = 0; path = YHPageView.app; sourceTree = BUILT_PRODUCTS_DIR; };
		60B120441E062ECB00A89165 /* AppDelegate.swift */ = {isa = PBXFileReference; lastKnownFileType = sourcecode.swift; path = AppDelegate.swift; sourceTree = "<group>"; };
		60B120461E062ECB00A89165 /* ViewController.swift */ = {isa = PBXFileReference; lastKnownFileType = sourcecode.swift; path = ViewController.swift; sourceTree = "<group>"; };
		60B120491E062ECB00A89165 /* Base */ = {isa = PBXFileReference; lastKnownFileType = file.storyboard; name = Base; path = Base.lproj/Main.storyboard; sourceTree = "<group>"; };
		60B1204B1E062ECB00A89165 /* Assets.xcassets */ = {isa = PBXFileReference; lastKnownFileType = folder.assetcatalog; path = Assets.xcassets; sourceTree = "<group>"; };
		60B1204E1E062ECB00A89165 /* Base */ = {isa = PBXFileReference; lastKnownFileType = file.storyboard; name = Base; path = Base.lproj/LaunchScreen.storyboard; sourceTree = "<group>"; };
		60B120501E062ECB00A89165 /* Info.plist */ = {isa = PBXFileReference; lastKnownFileType = text.plist.xml; path = Info.plist; sourceTree = "<group>"; };
		60B120551E062ECB00A89165 /* YHPageViewTests.xctest */ = {isa = PBXFileReference; explicitFileType = wrapper.cfbundle; includeInIndex = 0; path = YHPageViewTests.xctest; sourceTree = BUILT_PRODUCTS_DIR; };
		60B120591E062ECB00A89165 /* YHPageViewTests.swift */ = {isa = PBXFileReference; lastKnownFileType = sourcecode.swift; path = YHPageViewTests.swift; sourceTree = "<group>"; };
		60B1205B1E062ECB00A89165 /* Info.plist */ = {isa = PBXFileReference; lastKnownFileType = text.plist.xml; path = Info.plist; sourceTree = "<group>"; };
		60B120601E062ECB00A89165 /* YHPageViewUITests.xctest */ = {isa = PBXFileReference; explicitFileType = wrapper.cfbundle; includeInIndex = 0; path = YHPageViewUITests.xctest; sourceTree = BUILT_PRODUCTS_DIR; };
		60B120641E062ECB00A89165 /* YHPageViewUITests.swift */ = {isa = PBXFileReference; lastKnownFileType = sourcecode.swift; path = YHPageViewUITests.swift; sourceTree = "<group>"; };
		60B120661E062ECB00A89165 /* Info.plist */ = {isa = PBXFileReference; lastKnownFileType = text.plist.xml; path = Info.plist; sourceTree = "<group>"; };
		60B120721E067D1F00A89165 /* YHPageViewController.swift */ = {isa = PBXFileReference; fileEncoding = 4; lastKnownFileType = sourcecode.swift; name = YHPageViewController.swift; path = YHPageView/YHPageViewController/YHPageViewController.swift; sourceTree = SOURCE_ROOT; };
		60B120761E069C5500A89165 /* YHPageViewDelegate.swift */ = {isa = PBXFileReference; fileEncoding = 4; lastKnownFileType = sourcecode.swift; path = YHPageViewDelegate.swift; sourceTree = "<group>"; };
		60B120781E069C9E00A89165 /* YHPageViewDataSource.swift */ = {isa = PBXFileReference; fileEncoding = 4; lastKnownFileType = sourcecode.swift; path = YHPageViewDataSource.swift; sourceTree = "<group>"; };
		60B1207C1E06D6FE00A89165 /* CustomViewController.swift */ = {isa = PBXFileReference; fileEncoding = 4; lastKnownFileType = sourcecode.swift; path = CustomViewController.swift; sourceTree = "<group>"; };
		60B1207E1E078DEB00A89165 /* YHPageViewControllerExtension.swift */ = {isa = PBXFileReference; fileEncoding = 4; lastKnownFileType = sourcecode.swift; name = YHPageViewControllerExtension.swift; path = YHPageView/YHPageViewController/YHPageViewControllerExtension.swift; sourceTree = SOURCE_ROOT; };
		60C264B21E0BB268006A3413 /* YHPageViewController+Director.swift */ = {isa = PBXFileReference; fileEncoding = 4; lastKnownFileType = sourcecode.swift; name = "YHPageViewController+Director.swift"; path = "YHPageView/YHPageViewController/YHPageViewController+Director.swift"; sourceTree = SOURCE_ROOT; };
		60C264B41E0BB2A8006A3413 /* YHPageViewController+Delegate.swift */ = {isa = PBXFileReference; fileEncoding = 4; lastKnownFileType = sourcecode.swift; name = "YHPageViewController+Delegate.swift"; path = "YHPageView/YHPageViewController/YHPageViewController+Delegate.swift"; sourceTree = SOURCE_ROOT; };
		60C264B61E0BB2BD006A3413 /* YHPageViewController+DataSource.swift */ = {isa = PBXFileReference; fileEncoding = 4; lastKnownFileType = sourcecode.swift; name = "YHPageViewController+DataSource.swift"; path = "YHPageView/YHPageViewController/YHPageViewController+DataSource.swift"; sourceTree = SOURCE_ROOT; };
/* End PBXFileReference section */

/* Begin PBXFrameworksBuildPhase section */
		60B1203E1E062ECB00A89165 /* Frameworks */ = {
			isa = PBXFrameworksBuildPhase;
			buildActionMask = 2147483647;
			files = (
			);
			runOnlyForDeploymentPostprocessing = 0;
		};
		60B120521E062ECB00A89165 /* Frameworks */ = {
			isa = PBXFrameworksBuildPhase;
			buildActionMask = 2147483647;
			files = (
			);
			runOnlyForDeploymentPostprocessing = 0;
		};
		60B1205D1E062ECB00A89165 /* Frameworks */ = {
			isa = PBXFrameworksBuildPhase;
			buildActionMask = 2147483647;
			files = (
			);
			runOnlyForDeploymentPostprocessing = 0;
		};
/* End PBXFrameworksBuildPhase section */

/* Begin PBXGroup section */
		60B120381E062ECB00A89165 = {
			isa = PBXGroup;
			children = (
				60B120431E062ECB00A89165 /* YHPageView */,
				60B120581E062ECB00A89165 /* YHPageViewTests */,
				60B120631E062ECB00A89165 /* YHPageViewUITests */,
				60B120421E062ECB00A89165 /* Products */,
			);
			sourceTree = "<group>";
		};
		60B120421E062ECB00A89165 /* Products */ = {
			isa = PBXGroup;
			children = (
				60B120411E062ECB00A89165 /* YHPageView.app */,
				60B120551E062ECB00A89165 /* YHPageViewTests.xctest */,
				60B120601E062ECB00A89165 /* YHPageViewUITests.xctest */,
			);
			name = Products;
			sourceTree = "<group>";
		};
		60B120431E062ECB00A89165 /* YHPageView */ = {
			isa = PBXGroup;
			children = (
				60C264B81E0BB5FA006A3413 /* YHPageViewController */,
				60B120441E062ECB00A89165 /* AppDelegate.swift */,
				60B120461E062ECB00A89165 /* ViewController.swift */,
				60B120481E062ECB00A89165 /* Main.storyboard */,
				60B1204B1E062ECB00A89165 /* Assets.xcassets */,
				60B1204D1E062ECB00A89165 /* LaunchScreen.storyboard */,
				60B120501E062ECB00A89165 /* Info.plist */,
				60B1207C1E06D6FE00A89165 /* CustomViewController.swift */,
				6027A2F41E0BAA2200B2F7C3 /* TableController.swift */,
			);
			path = YHPageView;
			sourceTree = "<group>";
		};
		60B120581E062ECB00A89165 /* YHPageViewTests */ = {
			isa = PBXGroup;
			children = (
				60B120591E062ECB00A89165 /* YHPageViewTests.swift */,
				60B1205B1E062ECB00A89165 /* Info.plist */,
			);
			path = YHPageViewTests;
			sourceTree = "<group>";
		};
		60B120631E062ECB00A89165 /* YHPageViewUITests */ = {
			isa = PBXGroup;
			children = (
				60B120641E062ECB00A89165 /* YHPageViewUITests.swift */,
				60B120661E062ECB00A89165 /* Info.plist */,
			);
			path = YHPageViewUITests;
			sourceTree = "<group>";
		};
		60C264B81E0BB5FA006A3413 /* YHPageViewController */ = {
			isa = PBXGroup;
			children = (
				60B120721E067D1F00A89165 /* YHPageViewController.swift */,
				60B120761E069C5500A89165 /* YHPageViewDelegate.swift */,
				60B120781E069C9E00A89165 /* YHPageViewDataSource.swift */,
				60B1207E1E078DEB00A89165 /* YHPageViewControllerExtension.swift */,
				60C264B21E0BB268006A3413 /* YHPageViewController+Director.swift */,
				60C264B41E0BB2A8006A3413 /* YHPageViewController+Delegate.swift */,
				60C264B61E0BB2BD006A3413 /* YHPageViewController+DataSource.swift */,
			);
			path = YHPageViewController;
			sourceTree = "<group>";
		};
/* End PBXGroup section */

/* Begin PBXNativeTarget section */
		60B120401E062ECB00A89165 /* YHPageView */ = {
			isa = PBXNativeTarget;
			buildConfigurationList = 60B120691E062ECB00A89165 /* Build configuration list for PBXNativeTarget "YHPageView" */;
			buildPhases = (
				60B1203D1E062ECB00A89165 /* Sources */,
				60B1203E1E062ECB00A89165 /* Frameworks */,
				60B1203F1E062ECB00A89165 /* Resources */,
			);
			buildRules = (
			);
			dependencies = (
			);
			name = YHPageView;
			productName = YHPageView;
			productReference = 60B120411E062ECB00A89165 /* YHPageView.app */;
			productType = "com.apple.product-type.application";
		};
		60B120541E062ECB00A89165 /* YHPageViewTests */ = {
			isa = PBXNativeTarget;
			buildConfigurationList = 60B1206C1E062ECB00A89165 /* Build configuration list for PBXNativeTarget "YHPageViewTests" */;
			buildPhases = (
				60B120511E062ECB00A89165 /* Sources */,
				60B120521E062ECB00A89165 /* Frameworks */,
				60B120531E062ECB00A89165 /* Resources */,
			);
			buildRules = (
			);
			dependencies = (
				60B120571E062ECB00A89165 /* PBXTargetDependency */,
			);
			name = YHPageViewTests;
			productName = YHPageViewTests;
			productReference = 60B120551E062ECB00A89165 /* YHPageViewTests.xctest */;
			productType = "com.apple.product-type.bundle.unit-test";
		};
		60B1205F1E062ECB00A89165 /* YHPageViewUITests */ = {
			isa = PBXNativeTarget;
			buildConfigurationList = 60B1206F1E062ECB00A89165 /* Build configuration list for PBXNativeTarget "YHPageViewUITests" */;
			buildPhases = (
				60B1205C1E062ECB00A89165 /* Sources */,
				60B1205D1E062ECB00A89165 /* Frameworks */,
				60B1205E1E062ECB00A89165 /* Resources */,
			);
			buildRules = (
			);
			dependencies = (
				60B120621E062ECB00A89165 /* PBXTargetDependency */,
			);
			name = YHPageViewUITests;
			productName = YHPageViewUITests;
			productReference = 60B120601E062ECB00A89165 /* YHPageViewUITests.xctest */;
			productType = "com.apple.product-type.bundle.ui-testing";
		};
/* End PBXNativeTarget section */

/* Begin PBXProject section */
		60B120391E062ECB00A89165 /* Project object */ = {
			isa = PBXProject;
			attributes = {
				LastSwiftUpdateCheck = 0810;
				LastUpgradeCheck = 0810;
				ORGANIZATIONNAME = "吴云海";
				TargetAttributes = {
					60B120401E062ECB00A89165 = {
						CreatedOnToolsVersion = 8.1;
						DevelopmentTeam = V687DH7N8W;
						ProvisioningStyle = Automatic;
					};
					60B120541E062ECB00A89165 = {
						CreatedOnToolsVersion = 8.1;
						DevelopmentTeam = YCGUEX6SZE;
						ProvisioningStyle = Automatic;
						TestTargetID = 60B120401E062ECB00A89165;
					};
					60B1205F1E062ECB00A89165 = {
						CreatedOnToolsVersion = 8.1;
						DevelopmentTeam = YCGUEX6SZE;
						ProvisioningStyle = Automatic;
						TestTargetID = 60B120401E062ECB00A89165;
					};
				};
			};
			buildConfigurationList = 60B1203C1E062ECB00A89165 /* Build configuration list for PBXProject "YHPageView" */;
			compatibilityVersion = "Xcode 3.2";
			developmentRegion = English;
			hasScannedForEncodings = 0;
			knownRegions = (
				en,
				Base,
			);
			mainGroup = 60B120381E062ECB00A89165;
			productRefGroup = 60B120421E062ECB00A89165 /* Products */;
			projectDirPath = "";
			projectRoot = "";
			targets = (
				60B120401E062ECB00A89165 /* YHPageView */,
				60B120541E062ECB00A89165 /* YHPageViewTests */,
				60B1205F1E062ECB00A89165 /* YHPageViewUITests */,
			);
		};
/* End PBXProject section */

/* Begin PBXResourcesBuildPhase section */
		60B1203F1E062ECB00A89165 /* Resources */ = {
			isa = PBXResourcesBuildPhase;
			buildActionMask = 2147483647;
			files = (
				60B1204F1E062ECB00A89165 /* LaunchScreen.storyboard in Resources */,
				60B1204C1E062ECB00A89165 /* Assets.xcassets in Resources */,
				60B1204A1E062ECB00A89165 /* Main.storyboard in Resources */,
			);
			runOnlyForDeploymentPostprocessing = 0;
		};
		60B120531E062ECB00A89165 /* Resources */ = {
			isa = PBXResourcesBuildPhase;
			buildActionMask = 2147483647;
			files = (
			);
			runOnlyForDeploymentPostprocessing = 0;
		};
		60B1205E1E062ECB00A89165 /* Resources */ = {
			isa = PBXResourcesBuildPhase;
			buildActionMask = 2147483647;
			files = (
			);
			runOnlyForDeploymentPostprocessing = 0;
		};
/* End PBXResourcesBuildPhase section */

/* Begin PBXSourcesBuildPhase section */
		60B1203D1E062ECB00A89165 /* Sources */ = {
			isa = PBXSourcesBuildPhase;
			buildActionMask = 2147483647;
			files = (
				60C264B71E0BB2BD006A3413 /* YHPageViewController+DataSource.swift in Sources */,
				60C264B31E0BB268006A3413 /* YHPageViewController+Director.swift in Sources */,
				60C264B51E0BB2A8006A3413 /* YHPageViewController+Delegate.swift in Sources */,
				60B120771E069C5500A89165 /* YHPageViewDelegate.swift in Sources */,
				60B120471E062ECB00A89165 /* ViewController.swift in Sources */,
				6027A2F51E0BAA2200B2F7C3 /* TableController.swift in Sources */,
				60B1207F1E078DEB00A89165 /* YHPageViewControllerExtension.swift in Sources */,
				60B120731E067D1F00A89165 /* YHPageViewController.swift in Sources */,
				60B120451E062ECB00A89165 /* AppDelegate.swift in Sources */,
				60B120791E069C9E00A89165 /* YHPageViewDataSource.swift in Sources */,
				60B1207D1E06D6FE00A89165 /* CustomViewController.swift in Sources */,
			);
			runOnlyForDeploymentPostprocessing = 0;
		};
		60B120511E062ECB00A89165 /* Sources */ = {
			isa = PBXSourcesBuildPhase;
			buildActionMask = 2147483647;
			files = (
				60B1205A1E062ECB00A89165 /* YHPageViewTests.swift in Sources */,
			);
			runOnlyForDeploymentPostprocessing = 0;
		};
		60B1205C1E062ECB00A89165 /* Sources */ = {
			isa = PBXSourcesBuildPhase;
			buildActionMask = 2147483647;
			files = (
				60B120651E062ECB00A89165 /* YHPageViewUITests.swift in Sources */,
			);
			runOnlyForDeploymentPostprocessing = 0;
		};
/* End PBXSourcesBuildPhase section */

/* Begin PBXTargetDependency section */
		60B120571E062ECB00A89165 /* PBXTargetDependency */ = {
			isa = PBXTargetDependency;
			target = 60B120401E062ECB00A89165 /* YHPageView */;
			targetProxy = 60B120561E062ECB00A89165 /* PBXContainerItemProxy */;
		};
		60B120621E062ECB00A89165 /* PBXTargetDependency */ = {
			isa = PBXTargetDependency;
			target = 60B120401E062ECB00A89165 /* YHPageView */;
			targetProxy = 60B120611E062ECB00A89165 /* PBXContainerItemProxy */;
		};
/* End PBXTargetDependency section */

/* Begin PBXVariantGroup section */
		60B120481E062ECB00A89165 /* Main.storyboard */ = {
			isa = PBXVariantGroup;
			children = (
				60B120491E062ECB00A89165 /* Base */,
			);
			name = Main.storyboard;
			sourceTree = "<group>";
		};
		60B1204D1E062ECB00A89165 /* LaunchScreen.storyboard */ = {
			isa = PBXVariantGroup;
			children = (
				60B1204E1E062ECB00A89165 /* Base */,
			);
			name = LaunchScreen.storyboard;
			sourceTree = "<group>";
		};
/* End PBXVariantGroup section */

/* Begin XCBuildConfiguration section */
		60B120671E062ECB00A89165 /* Debug */ = {
			isa = XCBuildConfiguration;
			buildSettings = {
				ALWAYS_SEARCH_USER_PATHS = NO;
				CLANG_ANALYZER_NONNULL = YES;
				CLANG_CXX_LANGUAGE_STANDARD = "gnu++0x";
				CLANG_CXX_LIBRARY = "libc++";
				CLANG_ENABLE_MODULES = YES;
				CLANG_ENABLE_OBJC_ARC = YES;
				CLANG_WARN_BOOL_CONVERSION = YES;
				CLANG_WARN_CONSTANT_CONVERSION = YES;
				CLANG_WARN_DIRECT_OBJC_ISA_USAGE = YES_ERROR;
				CLANG_WARN_DOCUMENTATION_COMMENTS = YES;
				CLANG_WARN_EMPTY_BODY = YES;
				CLANG_WARN_ENUM_CONVERSION = YES;
				CLANG_WARN_INFINITE_RECURSION = YES;
				CLANG_WARN_INT_CONVERSION = YES;
				CLANG_WARN_OBJC_ROOT_CLASS = YES_ERROR;
				CLANG_WARN_SUSPICIOUS_MOVES = YES;
				CLANG_WARN_UNREACHABLE_CODE = YES;
				CLANG_WARN__DUPLICATE_METHOD_MATCH = YES;
				"CODE_SIGN_IDENTITY[sdk=iphoneos*]" = "iPhone Developer";
				COPY_PHASE_STRIP = NO;
				DEBUG_INFORMATION_FORMAT = dwarf;
				ENABLE_STRICT_OBJC_MSGSEND = YES;
				ENABLE_TESTABILITY = YES;
				GCC_C_LANGUAGE_STANDARD = gnu99;
				GCC_DYNAMIC_NO_PIC = NO;
				GCC_NO_COMMON_BLOCKS = YES;
				GCC_OPTIMIZATION_LEVEL = 0;
				GCC_PREPROCESSOR_DEFINITIONS = (
					"DEBUG=1",
					"$(inherited)",
				);
				GCC_WARN_64_TO_32_BIT_CONVERSION = YES;
				GCC_WARN_ABOUT_RETURN_TYPE = YES_ERROR;
				GCC_WARN_UNDECLARED_SELECTOR = YES;
				GCC_WARN_UNINITIALIZED_AUTOS = YES_AGGRESSIVE;
				GCC_WARN_UNUSED_FUNCTION = YES;
				GCC_WARN_UNUSED_VARIABLE = YES;
				IPHONEOS_DEPLOYMENT_TARGET = 10.1;
				MTL_ENABLE_DEBUG_INFO = YES;
				ONLY_ACTIVE_ARCH = YES;
				SDKROOT = iphoneos;
				SWIFT_ACTIVE_COMPILATION_CONDITIONS = DEBUG;
				SWIFT_OPTIMIZATION_LEVEL = "-Onone";
				TARGETED_DEVICE_FAMILY = "1,2";
			};
			name = Debug;
		};
		60B120681E062ECB00A89165 /* Release */ = {
			isa = XCBuildConfiguration;
			buildSettings = {
				ALWAYS_SEARCH_USER_PATHS = NO;
				CLANG_ANALYZER_NONNULL = YES;
				CLANG_CXX_LANGUAGE_STANDARD = "gnu++0x";
				CLANG_CXX_LIBRARY = "libc++";
				CLANG_ENABLE_MODULES = YES;
				CLANG_ENABLE_OBJC_ARC = YES;
				CLANG_WARN_BOOL_CONVERSION = YES;
				CLANG_WARN_CONSTANT_CONVERSION = YES;
				CLANG_WARN_DIRECT_OBJC_ISA_USAGE = YES_ERROR;
				CLANG_WARN_DOCUMENTATION_COMMENTS = YES;
				CLANG_WARN_EMPTY_BODY = YES;
				CLANG_WARN_ENUM_CONVERSION = YES;
				CLANG_WARN_INFINITE_RECURSION = YES;
				CLANG_WARN_INT_CONVERSION = YES;
				CLANG_WARN_OBJC_ROOT_CLASS = YES_ERROR;
				CLANG_WARN_SUSPICIOUS_MOVES = YES;
				CLANG_WARN_UNREACHABLE_CODE = YES;
				CLANG_WARN__DUPLICATE_METHOD_MATCH = YES;
				"CODE_SIGN_IDENTITY[sdk=iphoneos*]" = "iPhone Developer";
				COPY_PHASE_STRIP = NO;
				DEBUG_INFORMATION_FORMAT = "dwarf-with-dsym";
				ENABLE_NS_ASSERTIONS = NO;
				ENABLE_STRICT_OBJC_MSGSEND = YES;
				GCC_C_LANGUAGE_STANDARD = gnu99;
				GCC_NO_COMMON_BLOCKS = YES;
				GCC_WARN_64_TO_32_BIT_CONVERSION = YES;
				GCC_WARN_ABOUT_RETURN_TYPE = YES_ERROR;
				GCC_WARN_UNDECLARED_SELECTOR = YES;
				GCC_WARN_UNINITIALIZED_AUTOS = YES_AGGRESSIVE;
				GCC_WARN_UNUSED_FUNCTION = YES;
				GCC_WARN_UNUSED_VARIABLE = YES;
				IPHONEOS_DEPLOYMENT_TARGET = 10.1;
				MTL_ENABLE_DEBUG_INFO = NO;
				SDKROOT = iphoneos;
				SWIFT_OPTIMIZATION_LEVEL = "-Owholemodule";
				TARGETED_DEVICE_FAMILY = "1,2";
				VALIDATE_PRODUCT = YES;
			};
			name = Release;
		};
		60B1206A1E062ECB00A89165 /* Debug */ = {
			isa = XCBuildConfiguration;
			buildSettings = {
				ASSETCATALOG_COMPILER_APPICON_NAME = AppIcon;
				"CODE_SIGN_IDENTITY[sdk=iphoneos*]" = "iPhone Developer";
				DEVELOPMENT_TEAM = V687DH7N8W;
				INFOPLIST_FILE = YHPageView/Info.plist;
				LD_RUNPATH_SEARCH_PATHS = "$(inherited) @executable_path/Frameworks";
				PRODUCT_BUNDLE_IDENTIFIER = com.yunhai.YHPageView;
				PRODUCT_NAME = "$(TARGET_NAME)";
				SWIFT_VERSION = 3.0;
			};
			name = Debug;
		};
		60B1206B1E062ECB00A89165 /* Release */ = {
			isa = XCBuildConfiguration;
			buildSettings = {
				ASSETCATALOG_COMPILER_APPICON_NAME = AppIcon;
				"CODE_SIGN_IDENTITY[sdk=iphoneos*]" = "iPhone Developer";
				DEVELOPMENT_TEAM = V687DH7N8W;
				INFOPLIST_FILE = YHPageView/Info.plist;
				LD_RUNPATH_SEARCH_PATHS = "$(inherited) @executable_path/Frameworks";
				PRODUCT_BUNDLE_IDENTIFIER = com.yunhai.YHPageView;
				PRODUCT_NAME = "$(TARGET_NAME)";
				SWIFT_VERSION = 3.0;
			};
			name = Release;
		};
		60B1206D1E062ECB00A89165 /* Debug */ = {
			isa = XCBuildConfiguration;
			buildSettings = {
				ALWAYS_EMBED_SWIFT_STANDARD_LIBRARIES = YES;
				BUNDLE_LOADER = "$(TEST_HOST)";
				DEVELOPMENT_TEAM = YCGUEX6SZE;
				INFOPLIST_FILE = YHPageViewTests/Info.plist;
				LD_RUNPATH_SEARCH_PATHS = "$(inherited) @executable_path/Frameworks @loader_path/Frameworks";
				PRODUCT_BUNDLE_IDENTIFIER = com.yunhai.YHPageViewTests;
				PRODUCT_NAME = "$(TARGET_NAME)";
				SWIFT_VERSION = 3.0;
				TEST_HOST = "$(BUILT_PRODUCTS_DIR)/YHPageView.app/YHPageView";
			};
			name = Debug;
		};
		60B1206E1E062ECB00A89165 /* Release */ = {
			isa = XCBuildConfiguration;
			buildSettings = {
				ALWAYS_EMBED_SWIFT_STANDARD_LIBRARIES = YES;
				BUNDLE_LOADER = "$(TEST_HOST)";
				DEVELOPMENT_TEAM = YCGUEX6SZE;
				INFOPLIST_FILE = YHPageViewTests/Info.plist;
				LD_RUNPATH_SEARCH_PATHS = "$(inherited) @executable_path/Frameworks @loader_path/Frameworks";
				PRODUCT_BUNDLE_IDENTIFIER = com.yunhai.YHPageViewTests;
				PRODUCT_NAME = "$(TARGET_NAME)";
				SWIFT_VERSION = 3.0;
				TEST_HOST = "$(BUILT_PRODUCTS_DIR)/YHPageView.app/YHPageView";
			};
			name = Release;
		};
		60B120701E062ECB00A89165 /* Debug */ = {
			isa = XCBuildConfiguration;
			buildSettings = {
				ALWAYS_EMBED_SWIFT_STANDARD_LIBRARIES = YES;
				DEVELOPMENT_TEAM = YCGUEX6SZE;
				INFOPLIST_FILE = YHPageViewUITests/Info.plist;
				LD_RUNPATH_SEARCH_PATHS = "$(inherited) @executable_path/Frameworks @loader_path/Frameworks";
				PRODUCT_BUNDLE_IDENTIFIER = com.yunhai.YHPageViewUITests;
				PRODUCT_NAME = "$(TARGET_NAME)";
				SWIFT_VERSION = 3.0;
				TEST_TARGET_NAME = YHPageView;
			};
			name = Debug;
		};
		60B120711E062ECB00A89165 /* Release */ = {
			isa = XCBuildConfiguration;
			buildSettings = {
				ALWAYS_EMBED_SWIFT_STANDARD_LIBRARIES = YES;
				DEVELOPMENT_TEAM = YCGUEX6SZE;
				INFOPLIST_FILE = YHPageViewUITests/Info.plist;
				LD_RUNPATH_SEARCH_PATHS = "$(inherited) @executable_path/Frameworks @loader_path/Frameworks";
				PRODUCT_BUNDLE_IDENTIFIER = com.yunhai.YHPageViewUITests;
				PRODUCT_NAME = "$(TARGET_NAME)";
				SWIFT_VERSION = 3.0;
				TEST_TARGET_NAME = YHPageView;
			};
			name = Release;
		};
/* End XCBuildConfiguration section */

/* Begin XCConfigurationList section */
		60B1203C1E062ECB00A89165 /* Build configuration list for PBXProject "YHPageView" */ = {
			isa = XCConfigurationList;
			buildConfigurations = (
				60B120671E062ECB00A89165 /* Debug */,
				60B120681E062ECB00A89165 /* Release */,
			);
			defaultConfigurationIsVisible = 0;
			defaultConfigurationName = Release;
		};
		60B120691E062ECB00A89165 /* Build configuration list for PBXNativeTarget "YHPageView" */ = {
			isa = XCConfigurationList;
			buildConfigurations = (
				60B1206A1E062ECB00A89165 /* Debug */,
				60B1206B1E062ECB00A89165 /* Release */,
			);
			defaultConfigurationIsVisible = 0;
			defaultConfigurationName = Release;
		};
		60B1206C1E062ECB00A89165 /* Build configuration list for PBXNativeTarget "YHPageViewTests" */ = {
			isa = XCConfigurationList;
			buildConfigurations = (
				60B1206D1E062ECB00A89165 /* Debug */,
				60B1206E1E062ECB00A89165 /* Release */,
			);
			defaultConfigurationIsVisible = 0;
			defaultConfigurationName = Release;
		};
		60B1206F1E062ECB00A89165 /* Build configuration list for PBXNativeTarget "YHPageViewUITests" */ = {
			isa = XCConfigurationList;
			buildConfigurations = (
				60B120701E062ECB00A89165 /* Debug */,
				60B120711E062ECB00A89165 /* Release */,
			);
			defaultConfigurationIsVisible = 0;
			defaultConfigurationName = Release;
		};
/* End XCConfigurationList section */
	};
	rootObject = 60B120391E062ECB00A89165 /* Project object */;
}
